
Microsoft Visual Studio Solution File, Format Version 12.00
# Visual Studio Version 17
VisualStudioVersion = 17.7.34003.232
MinimumVisualStudioVersion = 10.0.40219.1
Project("{888888A0-9F3D-457C-B088-3A5042F75D52}") = "App", "App.pyproj", "{90BB0A8A-9B5D-43AF-A7A3-BE09B1DDAD20}"
EndProject
Global
	GlobalSection(SolutionConfigurationPlatforms) = preSolution
		Debug|Any CPU = Debug|Any CPU
		Release|Any CPU = Release|Any CPU
	EndGlobalSection
	GlobalSection(ProjectConfigurationPlatforms) = postSolution
		{90BB0A8A-9B5D-43AF-A7A3-BE09B1DDAD20}.Debug|Any CPU.ActiveCfg = Debug|Any CPU
		{90BB0A8A-9B5D-43AF-A7A3-BE09B1DDAD20}.Release|Any CPU.ActiveCfg = Release|Any CPU
	EndGlobalSection
	GlobalSection(SolutionProperties) = preSolution
		HideSolutionNode = FALSE
	EndGlobalSection
	GlobalSection(ExtensibilityGlobals) = postSolution
		SolutionGuid = {D452B14D-7E3D-4DC6-A03B-D255F519CDB8}
	EndGlobalSection
EndGlobal
